// !$*UTF8*$!
{
	archiveVersion = 1;
	classes = {
	};
	objectVersion = 77;
	objects = {

/* Begin PBXBuildFile section */
		A00000000000000000000001 /* WardrobeApp.swift in Sources */ = {isa = PBXBuildFile; fileRef = B00000000000000000000001 /* WardrobeApp.swift */; };
		A00000000000000000000002 /* AppEnvironment.swift in Sources */ = {isa = PBXBuildFile; fileRef = B00000000000000000000002 /* AppEnvironment.swift */; };
		A00000000000000000000003 /* AppRoute.swift in Sources */ = {isa = PBXBuildFile; fileRef = B00000000000000000000003 /* AppRoute.swift */; };
		A00000000000000000000004 /* WardrobeShellView.swift in Sources */ = {isa = PBXBuildFile; fileRef = B00000000000000000000004 /* WardrobeShellView.swift */; };
		A00000000000000000000005 /* PlaceholderFeatureView.swift in Sources */ = {isa = PBXBuildFile; fileRef = B00000000000000000000005 /* PlaceholderFeatureView.swift */; };
		A00000000000000000000006 /* WardrobeSmokeTests.swift in Sources */ = {isa = PBXBuildFile; fileRef = B00000000000000000000006 /* WardrobeSmokeTests.swift */; };
		A00000000000000000000007 /* WardrobeLaunchUITests.swift in Sources */ = {isa = PBXBuildFile; fileRef = B0000000000000000000000A /* WardrobeLaunchUITests.swift */; };
		A00000000000000000000008 /* DomainCodes.swift in Sources */ = {isa = PBXBuildFile; fileRef = B0000000000000000000000B /* DomainCodes.swift */; };
		A00000000000000000000009 /* WardrobeSchemaV1.swift in Sources */ = {isa = PBXBuildFile; fileRef = B0000000000000000000000C /* WardrobeSchemaV1.swift */; };
		A0000000000000000000000A /* WardrobeRepositories.swift in Sources */ = {isa = PBXBuildFile; fileRef = B0000000000000000000000D /* WardrobeRepositories.swift */; };
		A0000000000000000000000B /* WardrobeDataRules.swift in Sources */ = {isa = PBXBuildFile; fileRef = B0000000000000000000000E /* WardrobeDataRules.swift */; };
		A0000000000000000000000C /* WardrobePersistence.swift in Sources */ = {isa = PBXBuildFile; fileRef = B0000000000000000000000F /* WardrobePersistence.swift */; };
		A0000000000000000000000D /* Stage1PersistenceTests.swift in Sources */ = {isa = PBXBuildFile; fileRef = B00000000000000000000010 /* Stage1PersistenceTests.swift */; };
		A0000000000000000000000E /* StorageResourceID.swift in Sources */ = {isa = PBXBuildFile; fileRef = B00000000000000000000011 /* StorageResourceID.swift */; };
		A0000000000000000000000F /* StorageService.swift in Sources */ = {isa = PBXBuildFile; fileRef = B00000000000000000000012 /* StorageService.swift */; };
		A0000000000000000000004B /* StorageMaintenance.swift in Sources */ = {isa = PBXBuildFile; fileRef = B0000000000000000000004B /* StorageMaintenance.swift */; };
		A00000000000000000000010 /* ImageThumbnailGenerator.swift in Sources */ = {isa = PBXBuildFile; fileRef = B00000000000000000000013 /* ImageThumbnailGenerator.swift */; };
		A00000000000000000000011 /* Stage2StorageTests.swift in Sources */ = {isa = PBXBuildFile; fileRef = B00000000000000000000014 /* Stage2StorageTests.swift */; };
		A00000000000000000000012 /* StorageCompensationTransaction.swift in Sources */ = {isa = PBXBuildFile; fileRef = B00000000000000000000015 /* StorageCompensationTransaction.swift */; };
		A00000000000000000000013 /* ImageProcessingModels.swift in Sources */ = {isa = PBXBuildFile; fileRef = B00000000000000000000016 /* ImageProcessingModels.swift */; };
		A00000000000000000000014 /* ImageProcessingService.swift in Sources */ = {isa = PBXBuildFile; fileRef = B00000000000000000000017 /* ImageProcessingService.swift */; };
		A00000000000000000000015 /* Stage3ImageProcessingTests.swift in Sources */ = {isa = PBXBuildFile; fileRef = B00000000000000000000018 /* Stage3ImageProcessingTests.swift */; };
		A00000000000000000000016 /* ClothingFeatureModels.swift in Sources */ = {isa = PBXBuildFile; fileRef = B00000000000000000000019 /* ClothingFeatureModels.swift */; };
		A00000000000000000000017 /* ClothingServices.swift in Sources */ = {isa = PBXBuildFile; fileRef = B0000000000000000000001A /* ClothingServices.swift */; };
		A00000000000000000000018 /* WardrobeViewModel.swift in Sources */ = {isa = PBXBuildFile; fileRef = B0000000000000000000001B /* WardrobeViewModel.swift */; };
		A00000000000000000000019 /* WardrobeView.swift in Sources */ = {isa = PBXBuildFile; fileRef = B0000000000000000000001C /* WardrobeView.swift */; };
		A0000000000000000000001A /* Stage4ClothingManagementTests.swift in Sources */ = {isa = PBXBuildFile; fileRef = B0000000000000000000001D /* Stage4ClothingManagementTests.swift */; };
		A0000000000000000000001B /* PersonFeatureModels.swift in Sources */ = {isa = PBXBuildFile; fileRef = B0000000000000000000001E /* PersonFeatureModels.swift */; };
		A0000000000000000000001C /* PersonServices.swift in Sources */ = {isa = PBXBuildFile; fileRef = B0000000000000000000001F /* PersonServices.swift */; };
		A0000000000000000000001D /* PersonViewModel.swift in Sources */ = {isa = PBXBuildFile; fileRef = B00000000000000000000020 /* PersonViewModel.swift */; };
		A0000000000000000000001E /* PersonView.swift in Sources */ = {isa = PBXBuildFile; fileRef = B00000000000000000000021 /* PersonView.swift */; };
		A0000000000000000000001F /* Stage5PersonManagementTests.swift in Sources */ = {isa = PBXBuildFile; fileRef = B00000000000000000000022 /* Stage5PersonManagementTests.swift */; };
		A00000000000000000000020 /* VirtualTryOnModels.swift in Sources */ = {isa = PBXBuildFile; fileRef = B00000000000000000000023 /* VirtualTryOnModels.swift */; };
		A00000000000000000000021 /* VirtualTryOnProvider.swift in Sources */ = {isa = PBXBuildFile; fileRef = B00000000000000000000024 /* VirtualTryOnProvider.swift */; };
		A00000000000000000000022 /* ProviderRegistry.swift in Sources */ = {isa = PBXBuildFile; fileRef = B00000000000000000000025 /* ProviderRegistry.swift */; };
		A00000000000000000000023 /* MockVirtualTryOnProvider.swift in Sources */ = {isa = PBXBuildFile; fileRef = B00000000000000000000026 /* MockVirtualTryOnProvider.swift */; };
		A00000000000000000000024 /* Stage6VirtualTryOnProviderTests.swift in Sources */ = {isa = PBXBuildFile; fileRef = B00000000000000000000027 /* Stage6VirtualTryOnProviderTests.swift */; };
		A00000000000000000000025 /* TryOnFeatureModels.swift in Sources */ = {isa = PBXBuildFile; fileRef = B00000000000000000000028 /* TryOnFeatureModels.swift */; };
		A00000000000000000000026 /* TryOnViewModel.swift in Sources */ = {isa = PBXBuildFile; fileRef = B00000000000000000000029 /* TryOnViewModel.swift */; };
		A00000000000000000000027 /* TryOnView.swift in Sources */ = {isa = PBXBuildFile; fileRef = B0000000000000000000002A /* TryOnView.swift */; };
		A00000000000000000000028 /* Stage7TryOnWorkspaceTests.swift in Sources */ = {isa = PBXBuildFile; fileRef = B0000000000000000000002B /* Stage7TryOnWorkspaceTests.swift */; };
		A00000000000000000000029 /* ExternalGenerationModels.swift in Sources */ = {isa = PBXBuildFile; fileRef = B0000000000000000000002C /* ExternalGenerationModels.swift */; };
		A0000000000000000000002A /* ExternalGenerationServices.swift in Sources */ = {isa = PBXBuildFile; fileRef = B0000000000000000000002D /* ExternalGenerationServices.swift */; };
		A0000000000000000000002B /* ExternalGenerationWorkspace.swift in Sources */ = {isa = PBXBuildFile; fileRef = B0000000000000000000002E /* ExternalGenerationWorkspace.swift */; };
		A0000000000000000000002C /* Stage8ExternalGenerationTests.swift in Sources */ = {isa = PBXBuildFile; fileRef = B0000000000000000000002F /* Stage8ExternalGenerationTests.swift */; };
		A0000000000000000000002D /* VirtualTryOnService.swift in Sources */ = {isa = PBXBuildFile; fileRef = B00000000000000000000030 /* VirtualTryOnService.swift */; };
		A0000000000000000000002E /* Stage10VirtualTryOnServiceTests.swift in Sources */ = {isa = PBXBuildFile; fileRef = B00000000000000000000031 /* Stage10VirtualTryOnServiceTests.swift */; };
		A00000000000000000000032 /* OutfitFeatureModels.swift in Sources */ = {isa = PBXBuildFile; fileRef = B00000000000000000000032 /* OutfitFeatureModels.swift */; };
		A00000000000000000000033 /* OutfitServices.swift in Sources */ = {isa = PBXBuildFile; fileRef = B00000000000000000000033 /* OutfitServices.swift */; };
		A00000000000000000000034 /* TryOnWorkspaceCoordinator.swift in Sources */ = {isa = PBXBuildFile; fileRef = B00000000000000000000034 /* TryOnWorkspaceCoordinator.swift */; };
		A00000000000000000000035 /* OutfitViewModel.swift in Sources */ = {isa = PBXBuildFile; fileRef = B00000000000000000000035 /* OutfitViewModel.swift */; };
		A00000000000000000000036 /* OutfitView.swift in Sources */ = {isa = PBXBuildFile; fileRef = B00000000000000000000036 /* OutfitView.swift */; };
		A00000000000000000000037 /* Stage11OutfitManagementTests.swift in Sources */ = {isa = PBXBuildFile; fileRef = B00000000000000000000037 /* Stage11OutfitManagementTests.swift */; };
		A00000000000000000000038 /* GenerationHistoryModels.swift in Sources */ = {isa = PBXBuildFile; fileRef = B00000000000000000000038 /* GenerationHistoryModels.swift */; };
		A00000000000000000000039 /* GenerationHistoryService.swift in Sources */ = {isa = PBXBuildFile; fileRef = B00000000000000000000039 /* GenerationHistoryService.swift */; };
		A0000000000000000000003A /* GenerationHistoryViewModel.swift in Sources */ = {isa = PBXBuildFile; fileRef = B0000000000000000000003A /* GenerationHistoryViewModel.swift */; };
		A0000000000000000000003B /* GenerationHistoryView.swift in Sources */ = {isa = PBXBuildFile; fileRef = B0000000000000000000003B /* GenerationHistoryView.swift */; };
		A0000000000000000000003C /* Stage12GenerationHistoryTests.swift in Sources */ = {isa = PBXBuildFile; fileRef = B0000000000000000000003C /* Stage12GenerationHistoryTests.swift */; };
		A0000000000000000000003D /* LibraryMigration.swift in Sources */ = {isa = PBXBuildFile; fileRef = B0000000000000000000003D /* LibraryMigration.swift */; };
		A0000000000000000000003E /* Stage13SchemaMigrationTests.swift in Sources */ = {isa = PBXBuildFile; fileRef = B0000000000000000000003E /* Stage13SchemaMigrationTests.swift */; };
		A0000000000000000000003F /* fixture.json in Resources */ = {isa = PBXBuildFile; fileRef = B0000000000000000000003F /* fixture.json */; };
		A00000000000000000000040 /* BackupModels.swift in Sources */ = {isa = PBXBuildFile; fileRef = B00000000000000000000040 /* BackupModels.swift */; };
		A00000000000000000000041 /* BackupChecksum.swift in Sources */ = {isa = PBXBuildFile; fileRef = B00000000000000000000041 /* BackupChecksum.swift */; };
		A00000000000000000000042 /* BackupCapacity.swift in Sources */ = {isa = PBXBuildFile; fileRef = B00000000000000000000042 /* BackupCapacity.swift */; };
		A00000000000000000000043 /* BackupMetadataExport.swift in Sources */ = {isa = PBXBuildFile; fileRef = B00000000000000000000043 /* BackupMetadataExport.swift */; };
		A00000000000000000000044 /* BackupPackageStorage.swift in Sources */ = {isa = PBXBuildFile; fileRef = B00000000000000000000044 /* BackupPackageStorage.swift */; };
		A00000000000000000000045 /* BackupValidator.swift in Sources */ = {isa = PBXBuildFile; fileRef = B00000000000000000000045 /* BackupValidator.swift */; };
		A00000000000000000000046 /* BackupExporter.swift in Sources */ = {isa = PBXBuildFile; fileRef = B00000000000000000000046 /* BackupExporter.swift */; };
		A00000000000000000000047 /* BackupRestore.swift in Sources */ = {isa = PBXBuildFile; fileRef = B00000000000000000000047 /* BackupRestore.swift */; };
		A00000000000000000000048 /* SettingsViewModel.swift in Sources */ = {isa = PBXBuildFile; fileRef = B00000000000000000000048 /* SettingsViewModel.swift */; };
		A00000000000000000000049 /* SettingsView.swift in Sources */ = {isa = PBXBuildFile; fileRef = B00000000000000000000049 /* SettingsView.swift */; };
		A0000000000000000000004A /* Stage14BackupRestoreTests.swift in Sources */ = {isa = PBXBuildFile; fileRef = B0000000000000000000004A /* Stage14BackupRestoreTests.swift */; };
		A0000000000000000000004C /* Stage16PerformanceReliabilityTests.swift in Sources */ = {isa = PBXBuildFile; fileRef = B0000000000000000000004C /* Stage16PerformanceReliabilityTests.swift */; };
		A0000000000000000000004D /* Stage17CompleteValidationTests.swift in Sources */ = {isa = PBXBuildFile; fileRef = B0000000000000000000004D /* Stage17CompleteValidationTests.swift */; };
		A0000000000000000000004E /* Assets.xcassets in Resources */ = {isa = PBXBuildFile; fileRef = B0000000000000000000004F /* Assets.xcassets */; };
/* End PBXBuildFile section */

/* Begin PBXContainerItemProxy section */
		C00000000000000000000001 /* PBXContainerItemProxy */ = {
			isa = PBXContainerItemProxy;
			containerPortal = F00000000000000000000001 /* Project object */;
			proxyType = 1;
			remoteGlobalIDString = D00000000000000000000001;
			remoteInfo = Wardrobe;
		};
		C00000000000000000000002 /* PBXContainerItemProxy */ = {
			isa = PBXContainerItemProxy;
			containerPortal = F00000000000000000000001 /* Project object */;
			proxyType = 1;
			remoteGlobalIDString = D00000000000000000000001;
			remoteInfo = Wardrobe;
		};
/* End PBXContainerItemProxy section */

/* Begin PBXFileReference section */
		B00000000000000000000001 /* WardrobeApp.swift */ = {isa = PBXFileReference; lastKnownFileType = sourcecode.swift; path = WardrobeApp.swift; sourceTree = "<group>"; };
		B00000000000000000000002 /* AppEnvironment.swift */ = {isa = PBXFileReference; lastKnownFileType = sourcecode.swift; path = AppEnvironment.swift; sourceTree = "<group>"; };
		B00000000000000000000003 /* AppRoute.swift */ = {isa = PBXFileReference; lastKnownFileType = sourcecode.swift; path = AppRoute.swift; sourceTree = "<group>"; };
		B00000000000000000000004 /* WardrobeShellView.swift */ = {isa = PBXFileReference; lastKnownFileType = sourcecode.swift; path = WardrobeShellView.swift; sourceTree = "<group>"; };
		B00000000000000000000005 /* PlaceholderFeatureView.swift */ = {isa = PBXFileReference; lastKnownFileType = sourcecode.swift; path = PlaceholderFeatureView.swift; sourceTree = "<group>"; };
		B00000000000000000000006 /* WardrobeSmokeTests.swift */ = {isa = PBXFileReference; lastKnownFileType = sourcecode.swift; path = WardrobeSmokeTests.swift; sourceTree = "<group>"; };
		B00000000000000000000007 /* Wardrobe.app */ = {isa = PBXFileReference; explicitFileType = wrapper.application; includeInIndex = 0; path = Wardrobe.app; sourceTree = BUILT_PRODUCTS_DIR; };
		B00000000000000000000008 /* WardrobeTests.xctest */ = {isa = PBXFileReference; explicitFileType = wrapper.cfbundle; includeInIndex = 0; path = WardrobeTests.xctest; sourceTree = BUILT_PRODUCTS_DIR; };
		B00000000000000000000009 /* WardrobeUITests.xctest */ = {isa = PBXFileReference; explicitFileType = wrapper.cfbundle; includeInIndex = 0; path = WardrobeUITests.xctest; sourceTree = BUILT_PRODUCTS_DIR; };
		B0000000000000000000000A /* WardrobeLaunchUITests.swift */ = {isa = PBXFileReference; lastKnownFileType = sourcecode.swift; path = WardrobeLaunchUITests.swift; sourceTree = "<group>"; };
		B0000000000000000000000B /* DomainCodes.swift */ = {isa = PBXFileReference; lastKnownFileType = sourcecode.swift; path = DomainCodes.swift; sourceTree = "<group>"; };
		B0000000000000000000000C /* WardrobeSchemaV1.swift */ = {isa = PBXFileReference; lastKnownFileType = sourcecode.swift; path = WardrobeSchemaV1.swift; sourceTree = "<group>"; };
		B0000000000000000000000D /* WardrobeRepositories.swift */ = {isa = PBXFileReference; lastKnownFileType = sourcecode.swift; path = WardrobeRepositories.swift; sourceTree = "<group>"; };
		B0000000000000000000000E /* WardrobeDataRules.swift */ = {isa = PBXFileReference; lastKnownFileType = sourcecode.swift; path = WardrobeDataRules.swift; sourceTree = "<group>"; };
		B0000000000000000000000F /* WardrobePersistence.swift */ = {isa = PBXFileReference; lastKnownFileType = sourcecode.swift; path = WardrobePersistence.swift; sourceTree = "<group>"; };
		B00000000000000000000010 /* Stage1PersistenceTests.swift */ = {isa = PBXFileReference; lastKnownFileType = sourcecode.swift; path = Stage1PersistenceTests.swift; sourceTree = "<group>"; };
		B00000000000000000000011 /* StorageResourceID.swift */ = {isa = PBXFileReference; lastKnownFileType = sourcecode.swift; path = StorageResourceID.swift; sourceTree = "<group>"; };
		B00000000000000000000012 /* StorageService.swift */ = {isa = PBXFileReference; lastKnownFileType = sourcecode.swift; path = StorageService.swift; sourceTree = "<group>"; };
		B0000000000000000000004B /* StorageMaintenance.swift */ = {isa = PBXFileReference; lastKnownFileType = sourcecode.swift; path = StorageMaintenance.swift; sourceTree = "<group>"; };
		B00000000000000000000013 /* ImageThumbnailGenerator.swift */ = {isa = PBXFileReference; lastKnownFileType = sourcecode.swift; path = ImageThumbnailGenerator.swift; sourceTree = "<group>"; };
		B00000000000000000000014 /* Stage2StorageTests.swift */ = {isa = PBXFileReference; lastKnownFileType = sourcecode.swift; path = Stage2StorageTests.swift; sourceTree = "<group>"; };
		B00000000000000000000015 /* StorageCompensationTransaction.swift */ = {isa = PBXFileReference; lastKnownFileType = sourcecode.swift; path = StorageCompensationTransaction.swift; sourceTree = "<group>"; };
		B00000000000000000000016 /* ImageProcessingModels.swift */ = {isa = PBXFileReference; lastKnownFileType = sourcecode.swift; path = ImageProcessingModels.swift; sourceTree = "<group>"; };
		B00000000000000000000017 /* ImageProcessingService.swift */ = {isa = PBXFileReference; lastKnownFileType = sourcecode.swift; path = ImageProcessingService.swift; sourceTree = "<group>"; };
		B00000000000000000000018 /* Stage3ImageProcessingTests.swift */ = {isa = PBXFileReference; lastKnownFileType = sourcecode.swift; path = Stage3ImageProcessingTests.swift; sourceTree = "<group>"; };
		B00000000000000000000019 /* ClothingFeatureModels.swift */ = {isa = PBXFileReference; lastKnownFileType = sourcecode.swift; path = ClothingFeatureModels.swift; sourceTree = "<group>"; };
		B0000000000000000000001A /* ClothingServices.swift */ = {isa = PBXFileReference; lastKnownFileType = sourcecode.swift; path = ClothingServices.swift; sourceTree = "<group>"; };
		B0000000000000000000001B /* WardrobeViewModel.swift */ = {isa = PBXFileReference; lastKnownFileType = sourcecode.swift; path = WardrobeViewModel.swift; sourceTree = "<group>"; };
		B0000000000000000000001C /* WardrobeView.swift */ = {isa = PBXFileReference; lastKnownFileType = sourcecode.swift; path = WardrobeView.swift; sourceTree = "<group>"; };
		B0000000000000000000001D /* Stage4ClothingManagementTests.swift */ = {isa = PBXFileReference; lastKnownFileType = sourcecode.swift; path = Stage4ClothingManagementTests.swift; sourceTree = "<group>"; };
		B0000000000000000000001E /* PersonFeatureModels.swift */ = {isa = PBXFileReference; lastKnownFileType = sourcecode.swift; path = PersonFeatureModels.swift; sourceTree = "<group>"; };
		B0000000000000000000001F /* PersonServices.swift */ = {isa = PBXFileReference; lastKnownFileType = sourcecode.swift; path = PersonServices.swift; sourceTree = "<group>"; };
		B00000000000000000000020 /* PersonViewModel.swift */ = {isa = PBXFileReference; lastKnownFileType = sourcecode.swift; path = PersonViewModel.swift; sourceTree = "<group>"; };
		B00000000000000000000021 /* PersonView.swift */ = {isa = PBXFileReference; lastKnownFileType = sourcecode.swift; path = PersonView.swift; sourceTree = "<group>"; };
		B00000000000000000000022 /* Stage5PersonManagementTests.swift */ = {isa = PBXFileReference; lastKnownFileType = sourcecode.swift; path = Stage5PersonManagementTests.swift; sourceTree = "<group>"; };
		B00000000000000000000023 /* VirtualTryOnModels.swift */ = {isa = PBXFileReference; lastKnownFileType = sourcecode.swift; path = VirtualTryOnModels.swift; sourceTree = "<group>"; };
		B00000000000000000000024 /* VirtualTryOnProvider.swift */ = {isa = PBXFileReference; lastKnownFileType = sourcecode.swift; path = VirtualTryOnProvider.swift; sourceTree = "<group>"; };
		B00000000000000000000025 /* ProviderRegistry.swift */ = {isa = PBXFileReference; lastKnownFileType = sourcecode.swift; path = ProviderRegistry.swift; sourceTree = "<group>"; };
		B00000000000000000000026 /* MockVirtualTryOnProvider.swift */ = {isa = PBXFileReference; lastKnownFileType = sourcecode.swift; path = MockVirtualTryOnProvider.swift; sourceTree = "<group>"; };
		B00000000000000000000027 /* Stage6VirtualTryOnProviderTests.swift */ = {isa = PBXFileReference; lastKnownFileType = sourcecode.swift; path = Stage6VirtualTryOnProviderTests.swift; sourceTree = "<group>"; };
		B00000000000000000000028 /* TryOnFeatureModels.swift */ = {isa = PBXFileReference; lastKnownFileType = sourcecode.swift; path = TryOnFeatureModels.swift; sourceTree = "<group>"; };
		B00000000000000000000029 /* TryOnViewModel.swift */ = {isa = PBXFileReference; lastKnownFileType = sourcecode.swift; path = TryOnViewModel.swift; sourceTree = "<group>"; };
		B0000000000000000000002A /* TryOnView.swift */ = {isa = PBXFileReference; lastKnownFileType = sourcecode.swift; path = TryOnView.swift; sourceTree = "<group>"; };
		B0000000000000000000002B /* Stage7TryOnWorkspaceTests.swift */ = {isa = PBXFileReference; lastKnownFileType = sourcecode.swift; path = Stage7TryOnWorkspaceTests.swift; sourceTree = "<group>"; };
		B0000000000000000000002C /* ExternalGenerationModels.swift */ = {isa = PBXFileReference; lastKnownFileType = sourcecode.swift; path = ExternalGenerationModels.swift; sourceTree = "<group>"; };
		B0000000000000000000002D /* ExternalGenerationServices.swift */ = {isa = PBXFileReference; lastKnownFileType = sourcecode.swift; path = ExternalGenerationServices.swift; sourceTree = "<group>"; };
		B0000000000000000000002E /* ExternalGenerationWorkspace.swift */ = {isa = PBXFileReference; lastKnownFileType = sourcecode.swift; path = ExternalGenerationWorkspace.swift; sourceTree = "<group>"; };
		B0000000000000000000002F /* Stage8ExternalGenerationTests.swift */ = {isa = PBXFileReference; lastKnownFileType = sourcecode.swift; path = Stage8ExternalGenerationTests.swift; sourceTree = "<group>"; };
		B00000000000000000000030 /* VirtualTryOnService.swift */ = {isa = PBXFileReference; lastKnownFileType = sourcecode.swift; path = VirtualTryOnService.swift; sourceTree = "<group>"; };
		B00000000000000000000031 /* Stage10VirtualTryOnServiceTests.swift */ = {isa = PBXFileReference; lastKnownFileType = sourcecode.swift; path = Stage10VirtualTryOnServiceTests.swift; sourceTree = "<group>"; };
		B00000000000000000000032 /* OutfitFeatureModels.swift */ = {isa = PBXFileReference; lastKnownFileType = sourcecode.swift; path = OutfitFeatureModels.swift; sourceTree = "<group>"; };
		B00000000000000000000033 /* OutfitServices.swift */ = {isa = PBXFileReference; lastKnownFileType = sourcecode.swift; path = OutfitServices.swift; sourceTree = "<group>"; };
		B00000000000000000000034 /* TryOnWorkspaceCoordinator.swift */ = {isa = PBXFileReference; lastKnownFileType = sourcecode.swift; path = TryOnWorkspaceCoordinator.swift; sourceTree = "<group>"; };
		B00000000000000000000035 /* OutfitViewModel.swift */ = {isa = PBXFileReference; lastKnownFileType = sourcecode.swift; path = OutfitViewModel.swift; sourceTree = "<group>"; };
		B00000000000000000000036 /* OutfitView.swift */ = {isa = PBXFileReference; lastKnownFileType = sourcecode.swift; path = OutfitView.swift; sourceTree = "<group>"; };
		B00000000000000000000037 /* Stage11OutfitManagementTests.swift */ = {isa = PBXFileReference; lastKnownFileType = sourcecode.swift; path = Stage11OutfitManagementTests.swift; sourceTree = "<group>"; };
		B00000000000000000000038 /* GenerationHistoryModels.swift */ = {isa = PBXFileReference; lastKnownFileType = sourcecode.swift; path = GenerationHistoryModels.swift; sourceTree = "<group>"; };
		B00000000000000000000039 /* GenerationHistoryService.swift */ = {isa = PBXFileReference; lastKnownFileType = sourcecode.swift; path = GenerationHistoryService.swift; sourceTree = "<group>"; };
		B0000000000000000000003A /* GenerationHistoryViewModel.swift */ = {isa = PBXFileReference; lastKnownFileType = sourcecode.swift; path = GenerationHistoryViewModel.swift; sourceTree = "<group>"; };
		B0000000000000000000003B /* GenerationHistoryView.swift */ = {isa = PBXFileReference; lastKnownFileType = sourcecode.swift; path = GenerationHistoryView.swift; sourceTree = "<group>"; };
		B0000000000000000000003C /* Stage12GenerationHistoryTests.swift */ = {isa = PBXFileReference; lastKnownFileType = sourcecode.swift; path = Stage12GenerationHistoryTests.swift; sourceTree = "<group>"; };
		B0000000000000000000003D /* LibraryMigration.swift */ = {isa = PBXFileReference; lastKnownFileType = sourcecode.swift; path = LibraryMigration.swift; sourceTree = "<group>"; };
		B0000000000000000000003E /* Stage13SchemaMigrationTests.swift */ = {isa = PBXFileReference; lastKnownFileType = sourcecode.swift; path = Stage13SchemaMigrationTests.swift; sourceTree = "<group>"; };
		B0000000000000000000003F /* fixture.json */ = {isa = PBXFileReference; lastKnownFileType = text.json; path = Fixtures/Migration/V1/fixture.json; sourceTree = "<group>"; };
		B00000000000000000000040 /* BackupModels.swift */ = {isa = PBXFileReference; lastKnownFileType = sourcecode.swift; path = BackupModels.swift; sourceTree = "<group>"; };
		B00000000000000000000041 /* BackupChecksum.swift */ = {isa = PBXFileReference; lastKnownFileType = sourcecode.swift; path = BackupChecksum.swift; sourceTree = "<group>"; };
		B00000000000000000000042 /* BackupCapacity.swift */ = {isa = PBXFileReference; lastKnownFileType = sourcecode.swift; path = BackupCapacity.swift; sourceTree = "<group>"; };
		B00000000000000000000043 /* BackupMetadataExport.swift */ = {isa = PBXFileReference; lastKnownFileType = sourcecode.swift; path = BackupMetadataExport.swift; sourceTree = "<group>"; };
		B00000000000000000000044 /* BackupPackageStorage.swift */ = {isa = PBXFileReference; lastKnownFileType = sourcecode.swift; path = BackupPackageStorage.swift; sourceTree = "<group>"; };
		B00000000000000000000045 /* BackupValidator.swift */ = {isa = PBXFileReference; lastKnownFileType = sourcecode.swift; path = BackupValidator.swift; sourceTree = "<group>"; };
		B00000000000000000000046 /* BackupExporter.swift */ = {isa = PBXFileReference; lastKnownFileType = sourcecode.swift; path = BackupExporter.swift; sourceTree = "<group>"; };
		B00000000000000000000047 /* BackupRestore.swift */ = {isa = PBXFileReference; lastKnownFileType = sourcecode.swift; path = BackupRestore.swift; sourceTree = "<group>"; };
		B00000000000000000000048 /* SettingsViewModel.swift */ = {isa = PBXFileReference; lastKnownFileType = sourcecode.swift; path = SettingsViewModel.swift; sourceTree = "<group>"; };
		B00000000000000000000049 /* SettingsView.swift */ = {isa = PBXFileReference; lastKnownFileType = sourcecode.swift; path = SettingsView.swift; sourceTree = "<group>"; };
		B0000000000000000000004A /* Stage14BackupRestoreTests.swift */ = {isa = PBXFileReference; lastKnownFileType = sourcecode.swift; path = Stage14BackupRestoreTests.swift; sourceTree = "<group>"; };
		B0000000000000000000004C /* Stage16PerformanceReliabilityTests.swift */ = {isa = PBXFileReference; lastKnownFileType = sourcecode.swift; path = Stage16PerformanceReliabilityTests.swift; sourceTree = "<group>"; };
		B0000000000000000000004D /* Stage17CompleteValidationTests.swift */ = {isa = PBXFileReference; lastKnownFileType = sourcecode.swift; path = Stage17CompleteValidationTests.swift; sourceTree = "<group>"; };
		B0000000000000000000004E /* WardrobeApp.entitlements */ = {isa = PBXFileReference; lastKnownFileType = text.plist.entitlements; path = WardrobeApp.entitlements; sourceTree = "<group>"; };
		B0000000000000000000004F /* Assets.xcassets */ = {isa = PBXFileReference; lastKnownFileType = folder.assetcatalog; path = Assets.xcassets; sourceTree = "<group>"; };
		B00000000000000000000050 /* AppIcon.png */ = {isa = PBXFileReference; lastKnownFileType = image.png; path = AppIcon.png; sourceTree = "<group>"; };
/* End PBXFileReference section */

/* Begin PBXFrameworksBuildPhase section */
		E00000000000000000000001 /* Frameworks */ = {
			isa = PBXFrameworksBuildPhase;
			buildActionMask = 2147483647;
			files = (
			);
			runOnlyForDeploymentPostprocessing = 0;
		};
		E00000000000000000000002 /* Frameworks */ = {
			isa = PBXFrameworksBuildPhase;
			buildActionMask = 2147483647;
			files = (
			);
			runOnlyForDeploymentPostprocessing = 0;
		};
		E00000000000000000000003 /* Frameworks */ = {
			isa = PBXFrameworksBuildPhase;
			buildActionMask = 2147483647;
			files = (
			);
			runOnlyForDeploymentPostprocessing = 0;
		};
/* End PBXFrameworksBuildPhase section */

/* Begin PBXGroup section */
		G00000000000000000000001 = {
			isa = PBXGroup;
			children = (
				G00000000000000000000002 /* WardrobeApp */,
				G00000000000000000000007 /* Tests */,
				G00000000000000000000009 /* Products */,
			);
			sourceTree = "<group>";
		};
		G00000000000000000000002 /* WardrobeApp */ = {
			isa = PBXGroup;
			children = (
				G00000000000000000000003 /* App */,
				G00000000000000000000004 /* Features */,
				G0000000000000000000000A /* Domain */,
				G0000000000000000000000B /* Core */,
				G0000000000000000000000C /* AI */,
				G0000000000000000000000D /* Resources */,
				B0000000000000000000004E /* WardrobeApp.entitlements */,
			);
			path = WardrobeApp;
			sourceTree = "<group>";
		};
		G00000000000000000000003 /* App */ = {
			isa = PBXGroup;
			children = (
				B00000000000000000000001 /* WardrobeApp.swift */,
				B00000000000000000000002 /* AppEnvironment.swift */,
				B00000000000000000000003 /* AppRoute.swift */,
				B00000000000000000000034 /* TryOnWorkspaceCoordinator.swift */,
			);
			path = App;
			sourceTree = "<group>";
		};
		G00000000000000000000004 /* Features */ = {
			isa = PBXGroup;
			children = (
				G00000000000000000000005 /* AppShell */,
				G0000000000000000000000E /* Wardrobe */,
				G0000000000000000000000F /* Person */,
				G00000000000000000000010 /* TryOn */,
				G00000000000000000000011 /* Outfit */,
				G00000000000000000000012 /* GenerationHistory */,
				G00000000000000000000013 /* Settings */,
			);
			path = Features;
			sourceTree = "<group>";
		};
		G00000000000000000000005 /* AppShell */ = {
			isa = PBXGroup;
			children = (
				B00000000000000000000004 /* WardrobeShellView.swift */,
				B00000000000000000000005 /* PlaceholderFeatureView.swift */,
			);
			path = AppShell;
			sourceTree = "<group>";
		};
		G00000000000000000000007 /* Tests */ = {
			isa = PBXGroup;
			children = (
				G00000000000000000000008 /* WardrobeTests */,
				G00000000000000000000014 /* WardrobeUITests */,
			);
			path = Tests;
			sourceTree = "<group>";
		};
		G00000000000000000000008 /* WardrobeTests */ = {
			isa = PBXGroup;
			children = (
				B00000000000000000000006 /* WardrobeSmokeTests.swift */,
				B00000000000000000000010 /* Stage1PersistenceTests.swift */,
				B00000000000000000000014 /* Stage2StorageTests.swift */,
				B00000000000000000000018 /* Stage3ImageProcessingTests.swift */,
				B0000000000000000000001D /* Stage4ClothingManagementTests.swift */,
				B00000000000000000000022 /* Stage5PersonManagementTests.swift */,
				B00000000000000000000027 /* Stage6VirtualTryOnProviderTests.swift */,
				B0000000000000000000002B /* Stage7TryOnWorkspaceTests.swift */,
				B0000000000000000000002F /* Stage8ExternalGenerationTests.swift */,
				B00000000000000000000031 /* Stage10VirtualTryOnServiceTests.swift */,
				B00000000000000000000037 /* Stage11OutfitManagementTests.swift */,
				B0000000000000000000003C /* Stage12GenerationHistoryTests.swift */,
				B0000000000000000000003E /* Stage13SchemaMigrationTests.swift */,
				B0000000000000000000003F /* fixture.json */,
				B0000000000000000000004A /* Stage14BackupRestoreTests.swift */,
				B0000000000000000000004C /* Stage16PerformanceReliabilityTests.swift */,
				B0000000000000000000004D /* Stage17CompleteValidationTests.swift */,
			);
			path = WardrobeTests;
			sourceTree = "<group>";
		};
		G00000000000000000000009 /* Products */ = {
			isa = PBXGroup;
			children = (
				B00000000000000000000007 /* Wardrobe.app */,
				B00000000000000000000008 /* WardrobeTests.xctest */,
				B00000000000000000000009 /* WardrobeUITests.xctest */,
			);
			name = Products;
			sourceTree = "<group>";
		};
		G0000000000000000000000A /* Domain */ = {
			isa = PBXGroup;
			children = (
				G00000000000000000000015 /* Models */,
				G00000000000000000000016 /* Repositories */,
				G00000000000000000000017 /* Services */,
			);
			path = Domain;
			sourceTree = "<group>";
		};
		G0000000000000000000000B /* Core */ = {
			isa = PBXGroup;
			children = (
				G00000000000000000000018 /* Database */,
				G00000000000000000000019 /* Storage */,
				G0000000000000000000001A /* ImageProcessing */,
				G0000000000000000000001B /* Backup */,
			);
			path = Core;
			sourceTree = "<group>";
		};
		G0000000000000000000000C /* AI */ = {isa = PBXGroup; children = (B00000000000000000000023 /* VirtualTryOnModels.swift */, B00000000000000000000024 /* VirtualTryOnProvider.swift */, B00000000000000000000025 /* ProviderRegistry.swift */, B00000000000000000000026 /* MockVirtualTryOnProvider.swift */,); path = AI; sourceTree = "<group>"; };
		G0000000000000000000000D /* Resources */ = {isa = PBXGroup; children = (B00000000000000000000050 /* AppIcon.png */, B0000000000000000000004F /* Assets.xcassets */,); path = Resources; sourceTree = "<group>"; };
		G0000000000000000000000E /* Wardrobe */ = {isa = PBXGroup; children = (B0000000000000000000001B /* WardrobeViewModel.swift */, B0000000000000000000001C /* WardrobeView.swift */,); path = Wardrobe; sourceTree = "<group>"; };
		G0000000000000000000000F /* Person */ = {isa = PBXGroup; children = (B00000000000000000000020 /* PersonViewModel.swift */, B00000000000000000000021 /* PersonView.swift */,); path = Person; sourceTree = "<group>"; };
		G00000000000000000000010 /* TryOn */ = {isa = PBXGroup; children = (B00000000000000000000029 /* TryOnViewModel.swift */, B0000000000000000000002A /* TryOnView.swift */,); path = TryOn; sourceTree = "<group>"; };
		G00000000000000000000011 /* Outfit */ = {isa = PBXGroup; children = (B00000000000000000000035 /* OutfitViewModel.swift */, B00000000000000000000036 /* OutfitView.swift */,); path = Outfit; sourceTree = "<group>"; };
		G00000000000000000000012 /* GenerationHistory */ = {isa = PBXGroup; children = (B0000000000000000000003A /* GenerationHistoryViewModel.swift */, B0000000000000000000003B /* GenerationHistoryView.swift */,); path = GenerationHistory; sourceTree = "<group>"; };
		G00000000000000000000013 /* Settings */ = {isa = PBXGroup; children = (B00000000000000000000048 /* SettingsViewModel.swift */, B00000000000000000000049 /* SettingsView.swift */,); path = Settings; sourceTree = "<group>"; };
		G0000000000000000000001B /* Backup */ = {isa = PBXGroup; children = (B00000000000000000000040 /* BackupModels.swift */, B00000000000000000000041 /* BackupChecksum.swift */, B00000000000000000000042 /* BackupCapacity.swift */, B00000000000000000000043 /* BackupMetadataExport.swift */, B00000000000000000000044 /* BackupPackageStorage.swift */, B00000000000000000000045 /* BackupValidator.swift */, B00000000000000000000046 /* BackupExporter.swift */, B00000000000000000000047 /* BackupRestore.swift */,); path = Backup; sourceTree = "<group>"; };
		G00000000000000000000014 /* WardrobeUITests */ = {isa = PBXGroup; children = (B0000000000000000000000A /* WardrobeLaunchUITests.swift */,); path = WardrobeUITests; sourceTree = "<group>"; };
		G00000000000000000000015 /* Models */ = {isa = PBXGroup; children = (B0000000000000000000000B /* DomainCodes.swift */, B0000000000000000000000C /* WardrobeSchemaV1.swift */, B00000000000000000000019 /* ClothingFeatureModels.swift */, B0000000000000000000001E /* PersonFeatureModels.swift */, B00000000000000000000028 /* TryOnFeatureModels.swift */, B0000000000000000000002C /* ExternalGenerationModels.swift */, B00000000000000000000032 /* OutfitFeatureModels.swift */, B00000000000000000000038 /* GenerationHistoryModels.swift */,); path = Models; sourceTree = "<group>"; };
		G00000000000000000000016 /* Repositories */ = {isa = PBXGroup; children = (B0000000000000000000000D /* WardrobeRepositories.swift */,); path = Repositories; sourceTree = "<group>"; };
		G00000000000000000000017 /* Services */ = {isa = PBXGroup; children = (B0000000000000000000000E /* WardrobeDataRules.swift */, B0000000000000000000001A /* ClothingServices.swift */, B0000000000000000000001F /* PersonServices.swift */, B0000000000000000000002D /* ExternalGenerationServices.swift */, B00000000000000000000030 /* VirtualTryOnService.swift */, B00000000000000000000033 /* OutfitServices.swift */, B00000000000000000000039 /* GenerationHistoryService.swift */,); path = Services; sourceTree = "<group>"; };
		G00000000000000000000018 /* Database */ = {isa = PBXGroup; children = (B0000000000000000000000F /* WardrobePersistence.swift */, B0000000000000000000003D /* LibraryMigration.swift */,); path = Database; sourceTree = "<group>"; };
		G00000000000000000000019 /* Storage */ = {isa = PBXGroup; children = (B00000000000000000000011 /* StorageResourceID.swift */, B00000000000000000000012 /* StorageService.swift */, B0000000000000000000004B /* StorageMaintenance.swift */, B00000000000000000000015 /* StorageCompensationTransaction.swift */, B0000000000000000000002E /* ExternalGenerationWorkspace.swift */,); path = Storage; sourceTree = "<group>"; };
		G0000000000000000000001A /* ImageProcessing */ = {isa = PBXGroup; children = (B00000000000000000000013 /* ImageThumbnailGenerator.swift */, B00000000000000000000016 /* ImageProcessingModels.swift */, B00000000000000000000017 /* ImageProcessingService.swift */,); path = ImageProcessing; sourceTree = "<group>"; };
/* End PBXGroup section */

/* Begin PBXNativeTarget section */
		D00000000000000000000001 /* Wardrobe */ = {
			isa = PBXNativeTarget;
			buildConfigurationList = H00000000000000000000002 /* Build configuration list for PBXNativeTarget "Wardrobe" */;
			buildPhases = (
				I00000000000000000000001 /* Sources */,
				E00000000000000000000001 /* Frameworks */,
				J00000000000000000000001 /* Resources */,
			);
			buildRules = (
			);
			dependencies = (
			);
			name = Wardrobe;
			productName = Wardrobe;
			productReference = B00000000000000000000007 /* Wardrobe.app */;
			productType = "com.apple.product-type.application";
		};
		D00000000000000000000002 /* WardrobeTests */ = {
			isa = PBXNativeTarget;
			buildConfigurationList = H00000000000000000000003 /* Build configuration list for PBXNativeTarget "WardrobeTests" */;
			buildPhases = (
				I00000000000000000000002 /* Sources */,
				E00000000000000000000002 /* Frameworks */,
				J00000000000000000000002 /* Resources */,
			);
			buildRules = (
			);
			dependencies = (
				K00000000000000000000001 /* PBXTargetDependency */,
			);
			name = WardrobeTests;
			productName = WardrobeTests;
			productReference = B00000000000000000000008 /* WardrobeTests.xctest */;
			productType = "com.apple.product-type.bundle.unit-test";
		};
		D00000000000000000000003 /* WardrobeUITests */ = {
			isa = PBXNativeTarget;
			buildConfigurationList = H00000000000000000000004 /* Build configuration list for PBXNativeTarget "WardrobeUITests" */;
			buildPhases = (
				I00000000000000000000003 /* Sources */,
				E00000000000000000000003 /* Frameworks */,
				J00000000000000000000003 /* Resources */,
			);
			buildRules = (
			);
			dependencies = (
				K00000000000000000000002 /* PBXTargetDependency */,
			);
			name = WardrobeUITests;
			productName = WardrobeUITests;
			productReference = B00000000000000000000009 /* WardrobeUITests.xctest */;
			productType = "com.apple.product-type.bundle.ui-testing";
		};
/* End PBXNativeTarget section */

/* Begin PBXProject section */
		F00000000000000000000001 /* Project object */ = {
			isa = PBXProject;
			attributes = {
				BuildIndependentTargetsInParallel = 1;
				LastSwiftUpdateCheck = 2660;
				LastUpgradeCheck = 2660;
				TargetAttributes = {
					D00000000000000000000001 = {CreatedOnToolsVersion = 26.6; };
					D00000000000000000000002 = {CreatedOnToolsVersion = 26.6; TestTargetID = D00000000000000000000001; };
					D00000000000000000000003 = {CreatedOnToolsVersion = 26.6; TestTargetID = D00000000000000000000001; };
				};
			};
			buildConfigurationList = H00000000000000000000001 /* Build configuration list for PBXProject "Wardrobe" */;
			compatibilityVersion = "Xcode 16.0";
			developmentRegion = en;
			hasScannedForEncodings = 0;
			knownRegions = (
				en,
				Base,
			);
			mainGroup = G00000000000000000000001;
			productRefGroup = G00000000000000000000009 /* Products */;
			projectDirPath = "";
			projectRoot = "";
			targets = (
				D00000000000000000000001 /* Wardrobe */,
				D00000000000000000000002 /* WardrobeTests */,
				D00000000000000000000003 /* WardrobeUITests */,
			);
		};
/* End PBXProject section */

/* Begin PBXResourcesBuildPhase section */
		J00000000000000000000001 /* Resources */ = {isa = PBXResourcesBuildPhase; buildActionMask = 2147483647; files = (A0000000000000000000004E /* Assets.xcassets in Resources */,); runOnlyForDeploymentPostprocessing = 0; };
		J00000000000000000000002 /* Resources */ = {isa = PBXResourcesBuildPhase; buildActionMask = 2147483647; files = (A0000000000000000000003F /* fixture.json in Resources */,); runOnlyForDeploymentPostprocessing = 0; };
		J00000000000000000000003 /* Resources */ = {isa = PBXResourcesBuildPhase; buildActionMask = 2147483647; files = (); runOnlyForDeploymentPostprocessing = 0; };
/* End PBXResourcesBuildPhase section */

/* Begin PBXSourcesBuildPhase section */
		I00000000000000000000001 /* Sources */ = {
			isa = PBXSourcesBuildPhase;
			buildActionMask = 2147483647;
			files = (
				A00000000000000000000001 /* WardrobeApp.swift in Sources */,
				A00000000000000000000002 /* AppEnvironment.swift in Sources */,
				A00000000000000000000003 /* AppRoute.swift in Sources */,
				A00000000000000000000004 /* WardrobeShellView.swift in Sources */,
				A00000000000000000000005 /* PlaceholderFeatureView.swift in Sources */,
				A00000000000000000000008 /* DomainCodes.swift in Sources */,
				A00000000000000000000009 /* WardrobeSchemaV1.swift in Sources */,
				A0000000000000000000000A /* WardrobeRepositories.swift in Sources */,
				A0000000000000000000000B /* WardrobeDataRules.swift in Sources */,
				A0000000000000000000000C /* WardrobePersistence.swift in Sources */,
				A0000000000000000000000E /* StorageResourceID.swift in Sources */,
				A0000000000000000000000F /* StorageService.swift in Sources */,
				A0000000000000000000004B /* StorageMaintenance.swift in Sources */,
				A00000000000000000000010 /* ImageThumbnailGenerator.swift in Sources */,
				A00000000000000000000013 /* ImageProcessingModels.swift in Sources */,
				A00000000000000000000014 /* ImageProcessingService.swift in Sources */,
				A00000000000000000000012 /* StorageCompensationTransaction.swift in Sources */,
				A00000000000000000000016 /* ClothingFeatureModels.swift in Sources */,
				A00000000000000000000017 /* ClothingServices.swift in Sources */,
				A00000000000000000000018 /* WardrobeViewModel.swift in Sources */,
				A00000000000000000000019 /* WardrobeView.swift in Sources */,
				A0000000000000000000001B /* PersonFeatureModels.swift in Sources */,
				A0000000000000000000001C /* PersonServices.swift in Sources */,
				A0000000000000000000001D /* PersonViewModel.swift in Sources */,
				A0000000000000000000001E /* PersonView.swift in Sources */,
				A00000000000000000000020 /* VirtualTryOnModels.swift in Sources */,
				A00000000000000000000021 /* VirtualTryOnProvider.swift in Sources */,
				A00000000000000000000022 /* ProviderRegistry.swift in Sources */,
				A00000000000000000000023 /* MockVirtualTryOnProvider.swift in Sources */,
				A00000000000000000000025 /* TryOnFeatureModels.swift in Sources */,
				A00000000000000000000026 /* TryOnViewModel.swift in Sources */,
				A00000000000000000000027 /* TryOnView.swift in Sources */,
				A00000000000000000000029 /* ExternalGenerationModels.swift in Sources */,
				A0000000000000000000002A /* ExternalGenerationServices.swift in Sources */,
				A0000000000000000000002D /* VirtualTryOnService.swift in Sources */,
				A0000000000000000000002B /* ExternalGenerationWorkspace.swift in Sources */,
				A00000000000000000000032 /* OutfitFeatureModels.swift in Sources */,
				A00000000000000000000033 /* OutfitServices.swift in Sources */,
				A00000000000000000000034 /* TryOnWorkspaceCoordinator.swift in Sources */,
				A00000000000000000000035 /* OutfitViewModel.swift in Sources */,
				A00000000000000000000036 /* OutfitView.swift in Sources */,
				A00000000000000000000038 /* GenerationHistoryModels.swift in Sources */,
				A00000000000000000000039 /* GenerationHistoryService.swift in Sources */,
				A0000000000000000000003A /* GenerationHistoryViewModel.swift in Sources */,
				A0000000000000000000003B /* GenerationHistoryView.swift in Sources */,
				A0000000000000000000003D /* LibraryMigration.swift in Sources */,
				A00000000000000000000040 /* BackupModels.swift in Sources */,
				A00000000000000000000041 /* BackupChecksum.swift in Sources */,
				A00000000000000000000042 /* BackupCapacity.swift in Sources */,
				A00000000000000000000043 /* BackupMetadataExport.swift in Sources */,
				A00000000000000000000044 /* BackupPackageStorage.swift in Sources */,
				A00000000000000000000045 /* BackupValidator.swift in Sources */,
				A00000000000000000000046 /* BackupExporter.swift in Sources */,
				A00000000000000000000047 /* BackupRestore.swift in Sources */,
				A00000000000000000000048 /* SettingsViewModel.swift in Sources */,
				A00000000000000000000049 /* SettingsView.swift in Sources */,
			);
			runOnlyForDeploymentPostprocessing = 0;
		};
		I00000000000000000000002 /* Sources */ = {
			isa = PBXSourcesBuildPhase;
			buildActionMask = 2147483647;
			files = (
				A00000000000000000000006 /* WardrobeSmokeTests.swift in Sources */,
				A0000000000000000000000D /* Stage1PersistenceTests.swift in Sources */,
				A00000000000000000000011 /* Stage2StorageTests.swift in Sources */,
				A00000000000000000000015 /* Stage3ImageProcessingTests.swift in Sources */,
				A0000000000000000000001A /* Stage4ClothingManagementTests.swift in Sources */,
				A0000000000000000000001F /* Stage5PersonManagementTests.swift in Sources */,
				A00000000000000000000024 /* Stage6VirtualTryOnProviderTests.swift in Sources */,
				A00000000000000000000028 /* Stage7TryOnWorkspaceTests.swift in Sources */,
				A0000000000000000000002C /* Stage8ExternalGenerationTests.swift in Sources */,
				A0000000000000000000002E /* Stage10VirtualTryOnServiceTests.swift in Sources */,
				A00000000000000000000037 /* Stage11OutfitManagementTests.swift in Sources */,
				A0000000000000000000003C /* Stage12GenerationHistoryTests.swift in Sources */,
				A0000000000000000000003E /* Stage13SchemaMigrationTests.swift in Sources */,
				A0000000000000000000004A /* Stage14BackupRestoreTests.swift in Sources */,
				A0000000000000000000004C /* Stage16PerformanceReliabilityTests.swift in Sources */,
				A0000000000000000000004D /* Stage17CompleteValidationTests.swift in Sources */,
			);
			runOnlyForDeploymentPostprocessing = 0;
		};
		I00000000000000000000003 /* Sources */ = {
			isa = PBXSourcesBuildPhase;
			buildActionMask = 2147483647;
			files = (
				A00000000000000000000007 /* WardrobeLaunchUITests.swift in Sources */,
			);
			runOnlyForDeploymentPostprocessing = 0;
		};
/* End PBXSourcesBuildPhase section */

/* Begin PBXTargetDependency section */
		K00000000000000000000001 /* PBXTargetDependency */ = {isa = PBXTargetDependency; target = D00000000000000000000001 /* Wardrobe */; targetProxy = C00000000000000000000001 /* PBXContainerItemProxy */; };
		K00000000000000000000002 /* PBXTargetDependency */ = {isa = PBXTargetDependency; target = D00000000000000000000001 /* Wardrobe */; targetProxy = C00000000000000000000002 /* PBXContainerItemProxy */; };
/* End PBXTargetDependency section */

/* Begin XCBuildConfiguration section */
		L00000000000000000000001 /* Debug */ = {
			isa = XCBuildConfiguration;
			buildSettings = {
				ALWAYS_SEARCH_USER_PATHS = NO;
				CLANG_ANALYZER_NONNULL = YES;
				CLANG_ANALYZER_NUMBER_OBJECT_CONVERSION = YES_AGGRESSIVE;
				CLANG_CXX_LANGUAGE_STANDARD = "gnu++20";
				CLANG_ENABLE_MODULES = YES;
				CLANG_ENABLE_OBJC_ARC = YES;
				CLANG_WARN_BLOCK_CAPTURE_AUTORELEASING = YES;
				CLANG_WARN_BOOL_CONVERSION = YES;
				CLANG_WARN_COMMA = YES;
				CLANG_WARN_CONSTANT_CONVERSION = YES;
				CLANG_WARN_DEPRECATED_OBJC_IMPLEMENTATIONS = YES;
				CLANG_WARN_DIRECT_OBJC_ISA_USAGE = YES_ERROR;
				CLANG_WARN_DOCUMENTATION_COMMENTS = YES;
				CLANG_WARN_EMPTY_BODY = YES;
				CLANG_WARN_ENUM_CONVERSION = YES;
				CLANG_WARN_INFINITE_RECURSION = YES;
				CLANG_WARN_INT_CONVERSION = YES;
				CLANG_WARN_NON_LITERAL_NULL_CONVERSION = YES;
				CLANG_WARN_OBJC_IMPLICIT_RETAIN_SELF = YES;
				CLANG_WARN_OBJC_LITERAL_CONVERSION = YES;
				CLANG_WARN_RANGE_LOOP_ANALYSIS = YES;
				CLANG_WARN_STRICT_PROTOTYPES = YES;
				CLANG_WARN_SUSPICIOUS_MOVE = YES;
				CLANG_WARN_UNGUARDED_AVAILABILITY = YES_AGGRESSIVE;
				CLANG_WARN_UNREACHABLE_CODE = YES;
				CLANG_WARN__DUPLICATE_METHOD_MATCH = YES;
				COPY_PHASE_STRIP = NO;
				DEBUG_INFORMATION_FORMAT = dwarf;
				ENABLE_STRICT_OBJC_MSGSEND = YES;
				ENABLE_TESTABILITY = YES;
				ENABLE_USER_SCRIPT_SANDBOXING = YES;
				GCC_C_LANGUAGE_STANDARD = gnu17;
				GCC_DYNAMIC_NO_PIC = NO;
				GCC_NO_COMMON_BLOCKS = YES;
				GCC_OPTIMIZATION_LEVEL = 0;
				GCC_PREPROCESSOR_DEFINITIONS = ("DEBUG=1", "$(inherited)");
				GCC_WARN_64_TO_32_BIT_CONVERSION = YES;
				GCC_WARN_ABOUT_RETURN_TYPE = YES_ERROR;
				GCC_WARN_UNDECLARED_SELECTOR = YES;
				GCC_WARN_UNINITIALIZED_AUTOS = YES_AGGRESSIVE;
				GCC_WARN_UNUSED_FUNCTION = YES;
				GCC_WARN_UNUSED_VARIABLE = YES;
				LOCALIZATION_PREFERS_STRING_CATALOGS = YES;
				MTL_ENABLE_DEBUG_INFO = INCLUDE_SOURCE;
				MTL_FAST_MATH = YES;
				ONLY_ACTIVE_ARCH = YES;
				SWIFT_ACTIVE_COMPILATION_CONDITIONS = "DEBUG $(inherited)";
				SWIFT_OPTIMIZATION_LEVEL = "-Onone";
			};
			name = Debug;
		};
		L00000000000000000000002 /* Release */ = {
			isa = XCBuildConfiguration;
			buildSettings = {
				ALWAYS_SEARCH_USER_PATHS = NO;
				CLANG_ANALYZER_NONNULL = YES;
				CLANG_ANALYZER_NUMBER_OBJECT_CONVERSION = YES_AGGRESSIVE;
				CLANG_CXX_LANGUAGE_STANDARD = "gnu++20";
				CLANG_ENABLE_MODULES = YES;
				CLANG_ENABLE_OBJC_ARC = YES;
				CLANG_WARN_BLOCK_CAPTURE_AUTORELEASING = YES;
				CLANG_WARN_BOOL_CONVERSION = YES;
				CLANG_WARN_COMMA = YES;
				CLANG_WARN_CONSTANT_CONVERSION = YES;
				CLANG_WARN_DEPRECATED_OBJC_IMPLEMENTATIONS = YES;
				CLANG_WARN_DIRECT_OBJC_ISA_USAGE = YES_ERROR;
				CLANG_WARN_DOCUMENTATION_COMMENTS = YES;
				CLANG_WARN_EMPTY_BODY = YES;
				CLANG_WARN_ENUM_CONVERSION = YES;
				CLANG_WARN_INFINITE_RECURSION = YES;
				CLANG_WARN_INT_CONVERSION = YES;
				CLANG_WARN_NON_LITERAL_NULL_CONVERSION = YES;
				CLANG_WARN_OBJC_IMPLICIT_RETAIN_SELF = YES;
				CLANG_WARN_OBJC_LITERAL_CONVERSION = YES;
				CLANG_WARN_RANGE_LOOP_ANALYSIS = YES;
				CLANG_WARN_STRICT_PROTOTYPES = YES;
				CLANG_WARN_SUSPICIOUS_MOVE = YES;
				CLANG_WARN_UNGUARDED_AVAILABILITY = YES_AGGRESSIVE;
				CLANG_WARN_UNREACHABLE_CODE = YES;
				CLANG_WARN__DUPLICATE_METHOD_MATCH = YES;
				COPY_PHASE_STRIP = NO;
				DEBUG_INFORMATION_FORMAT = "dwarf-with-dsym";
				ENABLE_NS_ASSERTIONS = NO;
				ENABLE_STRICT_OBJC_MSGSEND = YES;
				ENABLE_USER_SCRIPT_SANDBOXING = YES;
				GCC_C_LANGUAGE_STANDARD = gnu17;
				GCC_NO_COMMON_BLOCKS = YES;
				GCC_WARN_64_TO_32_BIT_CONVERSION = YES;
				GCC_WARN_ABOUT_RETURN_TYPE = YES_ERROR;
				GCC_WARN_UNDECLARED_SELECTOR = YES;
				GCC_WARN_UNINITIALIZED_AUTOS = YES_AGGRESSIVE;
				GCC_WARN_UNUSED_FUNCTION = YES;
				GCC_WARN_UNUSED_VARIABLE = YES;
				LOCALIZATION_PREFERS_STRING_CATALOGS = YES;
				MTL_ENABLE_DEBUG_INFO = NO;
				MTL_FAST_MATH = YES;
				SWIFT_COMPILATION_MODE = wholemodule;
			};
			name = Release;
		};
		L00000000000000000000003 /* Debug */ = {
			isa = XCBuildConfiguration;
			buildSettings = {
				CODE_SIGN_ENTITLEMENTS = WardrobeApp/WardrobeApp.entitlements;
				CODE_SIGN_STYLE = Automatic;
				COMBINE_HIDPI_IMAGES = YES;
				ASSETCATALOG_COMPILER_APPICON_NAME = AppIcon;
				CURRENT_PROJECT_VERSION = 1;
				DEAD_CODE_STRIPPING = YES;
				ENABLE_APP_SANDBOX = YES;
				GENERATE_INFOPLIST_FILE = YES;
				INFOPLIST_KEY_CFBundleDisplayName = Wardrobe;
				INFOPLIST_KEY_LSApplicationCategoryType = "public.app-category.lifestyle";
				MARKETING_VERSION = 1.0.0;
				PRODUCT_BUNDLE_IDENTIFIER = com.lishunjie.Wardrobe;
				PRODUCT_NAME = "$(TARGET_NAME)";
				SWIFT_EMIT_LOC_STRINGS = YES;
				SWIFT_STRICT_CONCURRENCY = complete;
				SWIFT_VERSION = 6.0;
				MACOSX_DEPLOYMENT_TARGET = 15.0;
			};
			name = Debug;
		};
		L00000000000000000000004 /* Release */ = {
			isa = XCBuildConfiguration;
			buildSettings = {
				CODE_SIGN_ENTITLEMENTS = WardrobeApp/WardrobeApp.entitlements;
				CODE_SIGN_STYLE = Automatic;
				COMBINE_HIDPI_IMAGES = YES;
				ASSETCATALOG_COMPILER_APPICON_NAME = AppIcon;
				CURRENT_PROJECT_VERSION = 1;
				DEAD_CODE_STRIPPING = YES;
				ENABLE_APP_SANDBOX = YES;
				GENERATE_INFOPLIST_FILE = YES;
				INFOPLIST_KEY_CFBundleDisplayName = Wardrobe;
				INFOPLIST_KEY_LSApplicationCategoryType = "public.app-category.lifestyle";
				MARKETING_VERSION = 1.0.0;
				PRODUCT_BUNDLE_IDENTIFIER = com.lishunjie.Wardrobe;
				PRODUCT_NAME = "$(TARGET_NAME)";
				SWIFT_EMIT_LOC_STRINGS = YES;
				SWIFT_STRICT_CONCURRENCY = complete;
				SWIFT_VERSION = 6.0;
				MACOSX_DEPLOYMENT_TARGET = 15.0;
			};
			name = Release;
		};
		L00000000000000000000005 /* Debug */ = {
			isa = XCBuildConfiguration;
			buildSettings = {
				BUNDLE_LOADER = "$(TEST_HOST)";
				CODE_SIGN_STYLE = Automatic;
				GENERATE_INFOPLIST_FILE = YES;
				MACOSX_DEPLOYMENT_TARGET = 15.0;
				PRODUCT_BUNDLE_IDENTIFIER = com.lishunjie.WardrobeTests;
				PRODUCT_NAME = "$(TARGET_NAME)";
				SWIFT_STRICT_CONCURRENCY = complete;
				SWIFT_VERSION = 6.0;
				TEST_HOST = "$(BUILT_PRODUCTS_DIR)/Wardrobe.app/Contents/MacOS/Wardrobe";
			};
			name = Debug;
		};
		L00000000000000000000006 /* Release */ = {
			isa = XCBuildConfiguration;
			buildSettings = {
				BUNDLE_LOADER = "$(TEST_HOST)";
				CODE_SIGN_STYLE = Automatic;
				GENERATE_INFOPLIST_FILE = YES;
				MACOSX_DEPLOYMENT_TARGET = 15.0;
				PRODUCT_BUNDLE_IDENTIFIER = com.lishunjie.WardrobeTests;
				PRODUCT_NAME = "$(TARGET_NAME)";
				SWIFT_STRICT_CONCURRENCY = complete;
				SWIFT_VERSION = 6.0;
				TEST_HOST = "$(BUILT_PRODUCTS_DIR)/Wardrobe.app/Contents/MacOS/Wardrobe";
			};
			name = Release;
		};
		L00000000000000000000007 /* Debug */ = {
			isa = XCBuildConfiguration;
			buildSettings = {
				CODE_SIGN_STYLE = Automatic;
				GENERATE_INFOPLIST_FILE = YES;
				MACOSX_DEPLOYMENT_TARGET = 15.0;
				PRODUCT_BUNDLE_IDENTIFIER = com.lishunjie.WardrobeUITests;
				PRODUCT_NAME = "$(TARGET_NAME)";
				SWIFT_STRICT_CONCURRENCY = complete;
				SWIFT_VERSION = 6.0;
				TEST_TARGET_NAME = Wardrobe;
			};
			name = Debug;
		};
		L00000000000000000000008 /* Release */ = {
			isa = XCBuildConfiguration;
			buildSettings = {
				CODE_SIGN_STYLE = Automatic;
				GENERATE_INFOPLIST_FILE = YES;
				MACOSX_DEPLOYMENT_TARGET = 15.0;
				PRODUCT_BUNDLE_IDENTIFIER = com.lishunjie.WardrobeUITests;
				PRODUCT_NAME = "$(TARGET_NAME)";
				SWIFT_STRICT_CONCURRENCY = complete;
				SWIFT_VERSION = 6.0;
				TEST_TARGET_NAME = Wardrobe;
			};
			name = Release;
		};
/* End XCBuildConfiguration section */

/* Begin XCConfigurationList section */
		H00000000000000000000001 /* Build configuration list for PBXProject "Wardrobe" */ = {isa = XCConfigurationList; buildConfigurations = (L00000000000000000000001 /* Debug */, L00000000000000000000002 /* Release */); defaultConfigurationIsVisible = 0; defaultConfigurationName = Release; };
		H00000000000000000000002 /* Build configuration list for PBXNativeTarget "Wardrobe" */ = {isa = XCConfigurationList; buildConfigurations = (L00000000000000000000003 /* Debug */, L00000000000000000000004 /* Release */); defaultConfigurationIsVisible = 0; defaultConfigurationName = Release; };
		H00000000000000000000003 /* Build configuration list for PBXNativeTarget "WardrobeTests" */ = {isa = XCConfigurationList; buildConfigurations = (L00000000000000000000005 /* Debug */, L00000000000000000000006 /* Release */); defaultConfigurationIsVisible = 0; defaultConfigurationName = Release; };
		H00000000000000000000004 /* Build configuration list for PBXNativeTarget "WardrobeUITests" */ = {isa = XCConfigurationList; buildConfigurations = (L00000000000000000000007 /* Debug */, L00000000000000000000008 /* Release */); defaultConfigurationIsVisible = 0; defaultConfigurationName = Release; };
/* End XCConfigurationList section */
	};
	rootObject = F00000000000000000000001 /* Project object */;
}
